
Microsoft Visual Studio Solution File, Format Version 12.00
# Visual Studio 15
VisualStudioVersion = 15.0.27703.2000
MinimumVisualStudioVersion = 10.0.40219.1
Project("{FAE04EC0-301F-11D3-BF4B-00C04F79EFBC}") = "ClaimService", "Claims\ClaimService.csproj", "{CA78CF64-17DE-47C6-A9CE-10FEFB28E78C}"
EndProject
Global
	GlobalSection(SolutionConfigurationPlatforms) = preSolution
		Debug|Any CPU = Debug|Any CPU
		Release|Any CPU = Release|Any CPU
	EndGlobalSection
	GlobalSection(ProjectConfigurationPlatforms) = postSolution
		{CA78CF64-17DE-47C6-A9CE-10FEFB28E78C}.Debug|Any CPU.ActiveCfg = Debug|Any CPU
		{CA78CF64-17DE-47C6-A9CE-10FEFB28E78C}.Debug|Any CPU.Build.0 = Debug|Any CPU
		{CA78CF64-17DE-47C6-A9CE-10FEFB28E78C}.Release|Any CPU.ActiveCfg = Release|Any CPU
		{CA78CF64-17DE-47C6-A9CE-10FEFB28E78C}.Release|Any CPU.Build.0 = Release|Any CPU
	EndGlobalSection
	GlobalSection(SolutionProperties) = preSolution
		HideSolutionNode = FALSE
	EndGlobalSection
	GlobalSection(ExtensibilityGlobals) = postSolution
		SolutionGuid = {8748F369-3B76-49B7-8F00-7FC1EB1DF8C9}
	EndGlobalSection
EndGlobal
